# auto-generated by grc.converter

id: ITpp_BSC_Byte
label: BSC Byte
category: '[ITpp]'

parameters:
-   id: probability
    label: Probabilidade Bit Erro
    dtype: float
-   id: bits
    label: Qtd. bits da entrada
    dtype: int

inputs:
-   domain: stream
    dtype: byte

outputs:
-   domain: stream
    dtype: byte

templates:
    imports: import ITpp
    make: ITpp.BSC_Byte(${bits}, ${probability})

file_format: 1
